{
  "name": "sub_react",
  "version": "0.1.0",
  "lockfileVersion": 1,
  "requires": true,
  "dependencies": {
    "single-spa-react": {
      "version": "4.1.1",
      "resolved": "https://registry.npm.taobao.org/single-spa-react/download/single-spa-react-4.1.1.tgz",
      "integrity": "sha1-yKqErsi0vF0cF2jcDUFhcTp9ZFk="
    }
  }
}
